
Microsoft Visual Studio Solution File, Format Version 12.00
# Visual Studio Version 17
VisualStudioVersion = 17.11.35222.181
MinimumVisualStudioVersion = 10.0.40219.1
Project("{FAE04EC0-301F-11D3-BF4B-00C04F79EFBC}") = "WebsiteBanHang", "WebsiteBanHang\WebsiteBanHang.csproj", "{F2E71E93-F3E8-400A-9AEA-968210B04EBA}"
EndProject
Global
	GlobalSection(SolutionConfigurationPlatforms) = preSolution
		Debug|Any CPU = Debug|Any CPU
		Release|Any CPU = Release|Any CPU
	EndGlobalSection
	GlobalSection(ProjectConfigurationPlatforms) = postSolution
		{F2E71E93-F3E8-400A-9AEA-968210B04EBA}.Debug|Any CPU.ActiveCfg = Debug|Any CPU
		{F2E71E93-F3E8-400A-9AEA-968210B04EBA}.Debug|Any CPU.Build.0 = Debug|Any CPU
		{F2E71E93-F3E8-400A-9AEA-968210B04EBA}.Release|Any CPU.ActiveCfg = Release|Any CPU
		{F2E71E93-F3E8-400A-9AEA-968210B04EBA}.Release|Any CPU.Build.0 = Release|Any CPU
	EndGlobalSection
	GlobalSection(SolutionProperties) = preSolution
		HideSolutionNode = FALSE
	EndGlobalSection
	GlobalSection(ExtensibilityGlobals) = postSolution
		SolutionGuid = {4E753993-1097-4540-ADA2-9EDF31136CE3}
	EndGlobalSection
EndGlobal
